
Microsoft Visual Studio Solution File, Format Version 12.00
# Visual Studio Version 16
VisualStudioVersion = 16.0.30717.126
MinimumVisualStudioVersion = 10.0.40219.1
Project("{9A19103F-16F7-4668-BE54-9A1E7A4F7556}") = "Emma.Core", "Emma.Core\Emma.Core.csproj", "{887828FE-69FE-4DDB-8264-A6A56CAB661C}"
EndProject
Project("{9A19103F-16F7-4668-BE54-9A1E7A4F7556}") = "Emma.Core.Tests", "Emma.Core.Tests\Emma.Core.Tests.csproj", "{A2DC46BF-3660-4865-9635-FAB99B9731FE}"
EndProject
Project("{FAE04EC0-301F-11D3-BF4B-00C04F79EFBC}") = "GithubRepositoryModel", "GithubRepositoryModel\GithubRepositoryModel.csproj", "{7BF8B600-830F-49E1-BDE2-545468936C02}"
EndProject
Project("{FAE04EC0-301F-11D3-BF4B-00C04F79EFBC}") = "GithubRepositoryModel.Tests", "GithubRepositoryModel.Tests\GithubRepositoryModel.Tests.csproj", "{E73C4636-53B4-44C9-ACF1-736C17D92C77}"
EndProject
Global
	GlobalSection(SolutionConfigurationPlatforms) = preSolution
		Debug|Any CPU = Debug|Any CPU
		Release|Any CPU = Release|Any CPU
	EndGlobalSection
	GlobalSection(ProjectConfigurationPlatforms) = postSolution
		{887828FE-69FE-4DDB-8264-A6A56CAB661C}.Debug|Any CPU.ActiveCfg = Debug|Any CPU
		{887828FE-69FE-4DDB-8264-A6A56CAB661C}.Debug|Any CPU.Build.0 = Debug|Any CPU
		{887828FE-69FE-4DDB-8264-A6A56CAB661C}.Release|Any CPU.ActiveCfg = Release|Any CPU
		{887828FE-69FE-4DDB-8264-A6A56CAB661C}.Release|Any CPU.Build.0 = Release|Any CPU
		{A2DC46BF-3660-4865-9635-FAB99B9731FE}.Debug|Any CPU.ActiveCfg = Debug|Any CPU
		{A2DC46BF-3660-4865-9635-FAB99B9731FE}.Debug|Any CPU.Build.0 = Debug|Any CPU
		{A2DC46BF-3660-4865-9635-FAB99B9731FE}.Release|Any CPU.ActiveCfg = Release|Any CPU
		{A2DC46BF-3660-4865-9635-FAB99B9731FE}.Release|Any CPU.Build.0 = Release|Any CPU
		{7BF8B600-830F-49E1-BDE2-545468936C02}.Debug|Any CPU.ActiveCfg = Debug|Any CPU
		{7BF8B600-830F-49E1-BDE2-545468936C02}.Debug|Any CPU.Build.0 = Debug|Any CPU
		{7BF8B600-830F-49E1-BDE2-545468936C02}.Release|Any CPU.ActiveCfg = Release|Any CPU
		{7BF8B600-830F-49E1-BDE2-545468936C02}.Release|Any CPU.Build.0 = Release|Any CPU
		{E73C4636-53B4-44C9-ACF1-736C17D92C77}.Debug|Any CPU.ActiveCfg = Debug|Any CPU
		{E73C4636-53B4-44C9-ACF1-736C17D92C77}.Debug|Any CPU.Build.0 = Debug|Any CPU
		{E73C4636-53B4-44C9-ACF1-736C17D92C77}.Release|Any CPU.ActiveCfg = Release|Any CPU
		{E73C4636-53B4-44C9-ACF1-736C17D92C77}.Release|Any CPU.Build.0 = Release|Any CPU
	EndGlobalSection
	GlobalSection(SolutionProperties) = preSolution
		HideSolutionNode = FALSE
	EndGlobalSection
	GlobalSection(ExtensibilityGlobals) = postSolution
		SolutionGuid = {EA77E385-D1F3-4638-8630-784CFA3C5F0A}
	EndGlobalSection
EndGlobal
